
Microsoft Visual Studio Solution File, Format Version 12.00
# Visual Studio Version 17
VisualStudioVersion = 17.2.32630.192
MinimumVisualStudioVersion = 10.0.40219.1
Project("{FAE04EC0-301F-11D3-BF4B-00C04F79EFBC}") = "Gizmo.Server.Shared", "Gizmo.Server.Shared\Gizmo.Server.Shared.csproj", "{FD9533BD-6264-46F3-8AFC-BD0DEC21889F}"
EndProject
Global
	GlobalSection(SolutionConfigurationPlatforms) = preSolution
		Debug|Any CPU = Debug|Any CPU
		Release|Any CPU = Release|Any CPU
	EndGlobalSection
	GlobalSection(ProjectConfigurationPlatforms) = postSolution
		{FD9533BD-6264-46F3-8AFC-BD0DEC21889F}.Debug|Any CPU.ActiveCfg = Debug|Any CPU
		{FD9533BD-6264-46F3-8AFC-BD0DEC21889F}.Debug|Any CPU.Build.0 = Debug|Any CPU
		{FD9533BD-6264-46F3-8AFC-BD0DEC21889F}.Release|Any CPU.ActiveCfg = Release|Any CPU
		{FD9533BD-6264-46F3-8AFC-BD0DEC21889F}.Release|Any CPU.Build.0 = Release|Any CPU
	EndGlobalSection
	GlobalSection(SolutionProperties) = preSolution
		HideSolutionNode = FALSE
	EndGlobalSection
	GlobalSection(ExtensibilityGlobals) = postSolution
		SolutionGuid = {6152037C-35A6-4D52-913E-13204A56BA80}
	EndGlobalSection
EndGlobal
