
Microsoft Visual Studio Solution File, Format Version 12.00
# Visual Studio Version 17
VisualStudioVersion = 17.2.32630.192
MinimumVisualStudioVersion = 10.0.40219.1
Project("{9A19103F-16F7-4668-BE54-9A1E7A4F7556}") = "Gizmo.Server.Shared", "Gizmo.Server.Shared\Gizmo.Server.Shared.csproj", "{FD9533BD-6264-46F3-8AFC-BD0DEC21889F}"
EndProject
Project("{2150E333-8FDC-42A3-9474-1A3956D46DE8}") = "Dependencies", "Dependencies", "{B87A7B79-2AF8-430C-8AEA-C3646DF079AA}"
EndProject
Project("{9A19103F-16F7-4668-BE54-9A1E7A4F7556}") = "Gizmo.Shared", "Submodules\Gizmo.Shared\Gizmo.Shared.csproj", "{5C853A95-107F-41CB-BCD2-D9270AB6A611}"
EndProject
Global
	GlobalSection(SolutionConfigurationPlatforms) = preSolution
		Debug|Any CPU = Debug|Any CPU
		Debug|x64 = Debug|x64
		Release|Any CPU = Release|Any CPU
		Release|x64 = Release|x64
	EndGlobalSection
	GlobalSection(ProjectConfigurationPlatforms) = postSolution
		{FD9533BD-6264-46F3-8AFC-BD0DEC21889F}.Debug|Any CPU.ActiveCfg = Debug|Any CPU
		{FD9533BD-6264-46F3-8AFC-BD0DEC21889F}.Debug|Any CPU.Build.0 = Debug|Any CPU
		{FD9533BD-6264-46F3-8AFC-BD0DEC21889F}.Debug|x64.ActiveCfg = Debug|Any CPU
		{FD9533BD-6264-46F3-8AFC-BD0DEC21889F}.Debug|x64.Build.0 = Debug|Any CPU
		{FD9533BD-6264-46F3-8AFC-BD0DEC21889F}.Release|Any CPU.ActiveCfg = Release|Any CPU
		{FD9533BD-6264-46F3-8AFC-BD0DEC21889F}.Release|Any CPU.Build.0 = Release|Any CPU
		{FD9533BD-6264-46F3-8AFC-BD0DEC21889F}.Release|x64.ActiveCfg = Release|Any CPU
		{FD9533BD-6264-46F3-8AFC-BD0DEC21889F}.Release|x64.Build.0 = Release|Any CPU
		{5C853A95-107F-41CB-BCD2-D9270AB6A611}.Debug|Any CPU.ActiveCfg = Debug|Any CPU
		{5C853A95-107F-41CB-BCD2-D9270AB6A611}.Debug|Any CPU.Build.0 = Debug|Any CPU
		{5C853A95-107F-41CB-BCD2-D9270AB6A611}.Debug|x64.ActiveCfg = Debug|Any CPU
		{5C853A95-107F-41CB-BCD2-D9270AB6A611}.Debug|x64.Build.0 = Debug|Any CPU
		{5C853A95-107F-41CB-BCD2-D9270AB6A611}.Release|Any CPU.ActiveCfg = Release|Any CPU
		{5C853A95-107F-41CB-BCD2-D9270AB6A611}.Release|Any CPU.Build.0 = Release|Any CPU
		{5C853A95-107F-41CB-BCD2-D9270AB6A611}.Release|x64.ActiveCfg = Release|Any CPU
		{5C853A95-107F-41CB-BCD2-D9270AB6A611}.Release|x64.Build.0 = Release|Any CPU
	EndGlobalSection
	GlobalSection(SolutionProperties) = preSolution
		HideSolutionNode = FALSE
	EndGlobalSection
	GlobalSection(NestedProjects) = preSolution
		{5C853A95-107F-41CB-BCD2-D9270AB6A611} = {B87A7B79-2AF8-430C-8AEA-C3646DF079AA}
	EndGlobalSection
	GlobalSection(ExtensibilityGlobals) = postSolution
		SolutionGuid = {6152037C-35A6-4D52-913E-13204A56BA80}
	EndGlobalSection
EndGlobal
